
Microsoft Visual Studio Solution File, Format Version 12.00
# Visual Studio 15
VisualStudioVersion = 15.0.28010.2016
MinimumVisualStudioVersion = 10.0.40219.1
Project("{8BC9CEB8-8B4A-11D0-8D11-00A0C91BC942}") = "Solver", "Solver\Solver.vcxproj", "{872E25E6-2DC6-4C2C-8191-96B28C5B0119}"
EndProject
Project("{8BC9CEB8-8B4A-11D0-8D11-00A0C91BC942}") = "Simulator", "Simulator\Simulator.vcxproj", "{DCDFC980-66DB-4862-AF95-84885E026A3A}"
EndProject
Project("{8BC9CEB8-8B4A-11D0-8D11-00A0C91BC942}") = "Checker", "Checker\Checker.vcxproj", "{A6E7FC5E-D1E7-4C5E-9EE1-92CB7BE8918F}"
EndProject
Global
	GlobalSection(SolutionConfigurationPlatforms) = preSolution
		Debug|x64 = Debug|x64
		Debug|x86 = Debug|x86
		Release|x64 = Release|x64
		Release|x86 = Release|x86
	EndGlobalSection
	GlobalSection(ProjectConfigurationPlatforms) = postSolution
		{872E25E6-2DC6-4C2C-8191-96B28C5B0119}.Debug|x64.ActiveCfg = Debug|x64
		{872E25E6-2DC6-4C2C-8191-96B28C5B0119}.Debug|x64.Build.0 = Debug|x64
		{872E25E6-2DC6-4C2C-8191-96B28C5B0119}.Debug|x86.ActiveCfg = Debug|Win32
		{872E25E6-2DC6-4C2C-8191-96B28C5B0119}.Debug|x86.Build.0 = Debug|Win32
		{872E25E6-2DC6-4C2C-8191-96B28C5B0119}.Release|x64.ActiveCfg = Release|x64
		{872E25E6-2DC6-4C2C-8191-96B28C5B0119}.Release|x64.Build.0 = Release|x64
		{872E25E6-2DC6-4C2C-8191-96B28C5B0119}.Release|x86.ActiveCfg = Release|Win32
		{872E25E6-2DC6-4C2C-8191-96B28C5B0119}.Release|x86.Build.0 = Release|Win32
		{DCDFC980-66DB-4862-AF95-84885E026A3A}.Debug|x64.ActiveCfg = Debug|x64
		{DCDFC980-66DB-4862-AF95-84885E026A3A}.Debug|x64.Build.0 = Debug|x64
		{DCDFC980-66DB-4862-AF95-84885E026A3A}.Debug|x86.ActiveCfg = Debug|Win32
		{DCDFC980-66DB-4862-AF95-84885E026A3A}.Debug|x86.Build.0 = Debug|Win32
		{DCDFC980-66DB-4862-AF95-84885E026A3A}.Release|x64.ActiveCfg = Release|x64
		{DCDFC980-66DB-4862-AF95-84885E026A3A}.Release|x64.Build.0 = Release|x64
		{DCDFC980-66DB-4862-AF95-84885E026A3A}.Release|x86.ActiveCfg = Release|Win32
		{DCDFC980-66DB-4862-AF95-84885E026A3A}.Release|x86.Build.0 = Release|Win32
		{A6E7FC5E-D1E7-4C5E-9EE1-92CB7BE8918F}.Debug|x64.ActiveCfg = Debug|x64
		{A6E7FC5E-D1E7-4C5E-9EE1-92CB7BE8918F}.Debug|x64.Build.0 = Debug|x64
		{A6E7FC5E-D1E7-4C5E-9EE1-92CB7BE8918F}.Debug|x86.ActiveCfg = Debug|Win32
		{A6E7FC5E-D1E7-4C5E-9EE1-92CB7BE8918F}.Debug|x86.Build.0 = Debug|Win32
		{A6E7FC5E-D1E7-4C5E-9EE1-92CB7BE8918F}.Release|x64.ActiveCfg = Release|x64
		{A6E7FC5E-D1E7-4C5E-9EE1-92CB7BE8918F}.Release|x64.Build.0 = Release|x64
		{A6E7FC5E-D1E7-4C5E-9EE1-92CB7BE8918F}.Release|x86.ActiveCfg = Release|Win32
		{A6E7FC5E-D1E7-4C5E-9EE1-92CB7BE8918F}.Release|x86.Build.0 = Release|Win32
	EndGlobalSection
	GlobalSection(SolutionProperties) = preSolution
		HideSolutionNode = FALSE
	EndGlobalSection
	GlobalSection(ExtensibilityGlobals) = postSolution
		SolutionGuid = {5A8C41DA-8ED4-4770-85DE-ECC287650FF0}
	EndGlobalSection
EndGlobal
